
Microsoft Visual Studio Solution File, Format Version 12.00
# Visual Studio Version 16
VisualStudioVersion = 16.0.30621.155
MinimumVisualStudioVersion = 10.0.40219.1
Project("{FAE04EC0-301F-11D3-BF4B-00C04F79EFBC}") = "TCPESP", "TCPESP.csproj", "{60E40D47-5796-4BB9-906D-F43FE87B7BE9}"
EndProject
Global
	GlobalSection(SolutionConfigurationPlatforms) = preSolution
		Debug|Any CPU = Debug|Any CPU
		Release|Any CPU = Release|Any CPU
	EndGlobalSection
	GlobalSection(ProjectConfigurationPlatforms) = postSolution
		{60E40D47-5796-4BB9-906D-F43FE87B7BE9}.Debug|Any CPU.ActiveCfg = Debug|Any CPU
		{60E40D47-5796-4BB9-906D-F43FE87B7BE9}.Debug|Any CPU.Build.0 = Debug|Any CPU
		{60E40D47-5796-4BB9-906D-F43FE87B7BE9}.Release|Any CPU.ActiveCfg = Release|Any CPU
		{60E40D47-5796-4BB9-906D-F43FE87B7BE9}.Release|Any CPU.Build.0 = Release|Any CPU
	EndGlobalSection
	GlobalSection(SolutionProperties) = preSolution
		HideSolutionNode = FALSE
	EndGlobalSection
	GlobalSection(ExtensibilityGlobals) = postSolution
		SolutionGuid = {54D511E5-EFDE-43B7-A6EC-3282E597A87A}
	EndGlobalSection
EndGlobal
